
Microsoft Visual Studio Solution File, Format Version 12.00
# Visual Studio Version 17
VisualStudioVersion = 17.5.002.0
MinimumVisualStudioVersion = 10.0.40219.1
Project("{9A19103F-16F7-4668-BE54-9A1E7A4F7556}") = "ArvoresBasicas", "ArvoresBasicas.csproj", "{969DA1F1-E81C-4E4B-B56B-0A9837A4FE1A}"
EndProject
Global
	GlobalSection(SolutionConfigurationPlatforms) = preSolution
		Debug|Any CPU = Debug|Any CPU
		Release|Any CPU = Release|Any CPU
	EndGlobalSection
	GlobalSection(ProjectConfigurationPlatforms) = postSolution
		{969DA1F1-E81C-4E4B-B56B-0A9837A4FE1A}.Debug|Any CPU.ActiveCfg = Debug|Any CPU
		{969DA1F1-E81C-4E4B-B56B-0A9837A4FE1A}.Debug|Any CPU.Build.0 = Debug|Any CPU
		{969DA1F1-E81C-4E4B-B56B-0A9837A4FE1A}.Release|Any CPU.ActiveCfg = Release|Any CPU
		{969DA1F1-E81C-4E4B-B56B-0A9837A4FE1A}.Release|Any CPU.Build.0 = Release|Any CPU
	EndGlobalSection
	GlobalSection(SolutionProperties) = preSolution
		HideSolutionNode = FALSE
	EndGlobalSection
	GlobalSection(ExtensibilityGlobals) = postSolution
		SolutionGuid = {C86E465A-0D74-415B-8DA5-60F454E293D2}
	EndGlobalSection
EndGlobal
